#
# This file is autogenerated by pip-compile with Python 3.11
# by the following command:
#
#    pip-compile --constraint=requirements.lock.txt --no-index --output-file=requirements-cloud.lock --strip-extras -
#
certifi==2026.5.20
    # via
    #   -c requirements.lock.txt
    #   requests
cffi==2.0.0
    # via
    #   -c requirements.lock.txt
    #   cryptography
charset-normalizer==3.4.7
    # via
    #   -c requirements.lock.txt
    #   requests
cryptography==50.0.0
    # via
    #   -c requirements.lock.txt
    #   google-auth
google-api-core==2.30.3
    # via
    #   -c requirements.lock.txt
    #   google-cloud-tasks
google-auth==2.53.0
    # via
    #   -c requirements.lock.txt
    #   google-api-core
    #   google-cloud-tasks
google-cloud-tasks==2.23.0
    # via -r -
googleapis-common-protos==1.75.0
    # via
    #   -c requirements.lock.txt
    #   google-api-core
    #   grpc-google-iam-v1
    #   grpcio-status
grpc-google-iam-v1==0.14.4
    # via google-cloud-tasks
grpcio==1.80.0
    # via
    #   -c requirements.lock.txt
    #   google-api-core
    #   google-cloud-tasks
    #   googleapis-common-protos
    #   grpc-google-iam-v1
    #   grpcio-status
grpcio-status==1.71.2
    # via
    #   -c requirements.lock.txt
    #   google-api-core
idna==3.16
    # via
    #   -c requirements.lock.txt
    #   requests
proto-plus==1.28.0
    # via
    #   -c requirements.lock.txt
    #   google-api-core
    #   google-cloud-tasks
protobuf==5.29.6
    # via
    #   -c requirements.lock.txt
    #   google-api-core
    #   google-cloud-tasks
    #   googleapis-common-protos
    #   grpc-google-iam-v1
    #   grpcio-status
    #   proto-plus
pyasn1==0.6.4
    # via
    #   -c requirements.lock.txt
    #   pyasn1-modules
pyasn1-modules==0.4.2
    # via
    #   -c requirements.lock.txt
    #   google-auth
pycparser==3.0
    # via
    #   -c requirements.lock.txt
    #   cffi
requests==2.33.1
    # via
    #   -c requirements.lock.txt
    #   google-api-core
typing-extensions==4.15.0
    # via
    #   -c requirements.lock.txt
    #   grpcio
urllib3==2.7.0
    # via
    #   -c requirements.lock.txt
    #   requests
